# THIS IS AN AUTOGENERATED FILE. DO NOT EDIT THIS FILE DIRECTLY.
# yarn lockfile v1


"@fortawesome/angular-fontawesome@^0.11.1":
  version "0.11.1"
  resolved "https://nuget.d-velop.de/npm/dvelop-npm/@fortawesome/angular-fontawesome/-/angular-fontawesome-0.11.1.tgz#f55789b1229bc6ff53816050689f361041e42c6a"
  integrity sha512-Ngzm5MVxk76ZhYpPTNOI/mpYNz9bzwfBXC5L9mktLgOONjBuYBPVt+bH8lny8hNtDk0ppZzXsMN6CO7hckdfnw==
  dependencies:
    tslib "^2.4.0"

"@fortawesome/fontawesome-common-types@6.1.1":
  version "6.1.1"
  resolved "https://nuget.d-velop.de/npm/dvelop-npm/@fortawesome/fontawesome-common-types/-/fontawesome-common-types-6.1.1.tgz#7dc996042d21fc1ae850e3173b5c67b0549f9105"
  integrity sha512-wVn5WJPirFTnzN6tR95abCx+ocH+3IFLXAgyavnf9hUmN0CfWoDjPT/BAWsUVwSlYYVBeCLJxaqi7ZGe4uSjBA==

"@fortawesome/fontawesome-svg-core@^6.1.1":
  version "6.1.1"
  resolved "https://nuget.d-velop.de/npm/dvelop-npm/@fortawesome/fontawesome-svg-core/-/fontawesome-svg-core-6.1.1.tgz#3424ec6182515951816be9b11665d67efdce5b5f"
  integrity sha512-NCg0w2YIp81f4V6cMGD9iomfsIj7GWrqmsa0ZsPh59G7PKiGN1KymZNxmF00ssuAlo/VZmpK6xazsGOwzKYUMg==
  dependencies:
    "@fortawesome/fontawesome-common-types" "6.1.1"

"@fortawesome/free-solid-svg-icons@^6.1.1":
  version "6.1.1"
  resolved "https://nuget.d-velop.de/npm/dvelop-npm/@fortawesome/free-solid-svg-icons/-/free-solid-svg-icons-6.1.1.tgz#3369e673f8fe8be2fba30b1ec274d47490a830a6"
  integrity sha512-0/5exxavOhI/D4Ovm2r3vxNojGZioPwmFrKg0ZUH69Q68uFhFPs6+dhAToh6VEQBntxPRYPuT5Cg1tpNa9JUPg==
  dependencies:
    "@fortawesome/fontawesome-common-types" "6.1.1"

tslib@^2.3.0, tslib@^2.4.0:
  version "2.4.0"
  resolved "https://nuget.d-velop.de/npm/dvelop-npm/tslib/-/tslib-2.4.0.tgz#7cecaa7f073ce680a05847aa77be941098f36dc3"
  integrity sha512-d6xOpEDfsi2CZVlPQzGeux8XMwLT9hssAsaPYExaQMuYskwb+x1x7J371tWlbBdWHroy99KnVB6qIkUbs5X3UQ==
